<Solution>
  <Folder Name="/Core/">
    <Project Path="../Core/ktechStore.Application/ktechStore.Application.csproj" />
    <Project Path="../Core/ktechStore.Core/ktechStore.Core.csproj" />
  </Folder>
  <Folder Name="/Infrastructure/">
    <Project Path="../Infrastructure/ktechStore.Infrastructure/ktechStore.Infrastructure.csproj" />
  </Folder>
  <Folder Name="/Presentation/">
    <Project Path="../Presentation/Admin/AspnetCoreMvcFull.csproj" />
    <Project Path="../Presentation/ktechStore.Web/ktechStore.Web.csproj" />
  </Folder>
  <Folder Name="/Solution Items/">
    <File Path="sharedsettings.json" />
  </Folder>
  <Project Path="ktechStore.Tests/ktechStore.Tests.csproj" Id="96754f01-9a79-4f88-8431-5b6a8900bb09" />
</Solution>
